github.com/stefanbethge/gseq v0.2.0 h1:KA9G0EUHwVFrujp72aA43uyI+xWCHBwT2focfsyGtiE=
github.com/stefanbethge/gseq v0.2.0/go.mod h1:710nkPaMphDHdvEhUQGdLDkzrbRJvY9AYzM6JY0kTG0=
github.com/stefanbethge/gseq-table v0.3.0 h1:dAPqrMyK9Xsr+e/DgiEa+Yz3aRAFgm+LiVRd7v8FL3w=
github.com/stefanbethge/gseq-table v0.3.0/go.mod h1:meYORo2PlCRDjnPGnisuahcuFqUznXmCUtIYkPGfq7Q=
